
Microsoft Visual Studio Solution File, Format Version 12.00
# Visual Studio Version 16
VisualStudioVersion = 16.0.31911.196
MinimumVisualStudioVersion = 10.0.40219.1
Project("{FAE04EC0-301F-11D3-BF4B-00C04F79EFBC}") = "HelloDotNET", "HelloDotNET\HelloDotNET.csproj", "{F94864B0-BDD6-4011-AF43-B59983E29AE2}"
EndProject
Project("{FAE04EC0-301F-11D3-BF4B-00C04F79EFBC}") = "ViDuVeTryCatch", "ViDuVeTryCatch\ViDuVeTryCatch.csproj", "{051C3487-F111-4428-A621-1908B2D684ED}"
EndProject
Project("{FAE04EC0-301F-11D3-BF4B-00C04F79EFBC}") = "HelloWinForms", "HelloWinForms\HelloWinForms.csproj", "{70108FF1-952B-4E62-ADD0-402D720A07D4}"
EndProject
Project("{FAE04EC0-301F-11D3-BF4B-00C04F79EFBC}") = "QuanLySach", "QuanLySach\QuanLySach.csproj", "{C4AA4BF3-FECE-48D6-9E06-AE7C9D275F79}"
EndProject
Project("{FAE04EC0-301F-11D3-BF4B-00C04F79EFBC}") = "HelloADOdotNET", "HelloADOdotNET\HelloADOdotNET.csproj", "{8446756F-8588-4FC5-8A84-EFD3543CDAE8}"
EndProject
Global
	GlobalSection(SolutionConfigurationPlatforms) = preSolution
		Debug|Any CPU = Debug|Any CPU
		Release|Any CPU = Release|Any CPU
	EndGlobalSection
	GlobalSection(ProjectConfigurationPlatforms) = postSolution
		{F94864B0-BDD6-4011-AF43-B59983E29AE2}.Debug|Any CPU.ActiveCfg = Debug|Any CPU
		{F94864B0-BDD6-4011-AF43-B59983E29AE2}.Debug|Any CPU.Build.0 = Debug|Any CPU
		{F94864B0-BDD6-4011-AF43-B59983E29AE2}.Release|Any CPU.ActiveCfg = Release|Any CPU
		{F94864B0-BDD6-4011-AF43-B59983E29AE2}.Release|Any CPU.Build.0 = Release|Any CPU
		{051C3487-F111-4428-A621-1908B2D684ED}.Debug|Any CPU.ActiveCfg = Debug|Any CPU
		{051C3487-F111-4428-A621-1908B2D684ED}.Debug|Any CPU.Build.0 = Debug|Any CPU
		{051C3487-F111-4428-A621-1908B2D684ED}.Release|Any CPU.ActiveCfg = Release|Any CPU
		{051C3487-F111-4428-A621-1908B2D684ED}.Release|Any CPU.Build.0 = Release|Any CPU
		{70108FF1-952B-4E62-ADD0-402D720A07D4}.Debug|Any CPU.ActiveCfg = Debug|Any CPU
		{70108FF1-952B-4E62-ADD0-402D720A07D4}.Debug|Any CPU.Build.0 = Debug|Any CPU
		{70108FF1-952B-4E62-ADD0-402D720A07D4}.Release|Any CPU.ActiveCfg = Release|Any CPU
		{70108FF1-952B-4E62-ADD0-402D720A07D4}.Release|Any CPU.Build.0 = Release|Any CPU
		{C4AA4BF3-FECE-48D6-9E06-AE7C9D275F79}.Debug|Any CPU.ActiveCfg = Debug|Any CPU
		{C4AA4BF3-FECE-48D6-9E06-AE7C9D275F79}.Debug|Any CPU.Build.0 = Debug|Any CPU
		{C4AA4BF3-FECE-48D6-9E06-AE7C9D275F79}.Release|Any CPU.ActiveCfg = Release|Any CPU
		{C4AA4BF3-FECE-48D6-9E06-AE7C9D275F79}.Release|Any CPU.Build.0 = Release|Any CPU
		{8446756F-8588-4FC5-8A84-EFD3543CDAE8}.Debug|Any CPU.ActiveCfg = Debug|Any CPU
		{8446756F-8588-4FC5-8A84-EFD3543CDAE8}.Debug|Any CPU.Build.0 = Debug|Any CPU
		{8446756F-8588-4FC5-8A84-EFD3543CDAE8}.Release|Any CPU.ActiveCfg = Release|Any CPU
		{8446756F-8588-4FC5-8A84-EFD3543CDAE8}.Release|Any CPU.Build.0 = Release|Any CPU
	EndGlobalSection
	GlobalSection(SolutionProperties) = preSolution
		HideSolutionNode = FALSE
	EndGlobalSection
	GlobalSection(ExtensibilityGlobals) = postSolution
		SolutionGuid = {595686F8-73A9-4DA4-8AE8-80CF9606B3FA}
	EndGlobalSection
EndGlobal
